
Microsoft Visual Studio Solution File, Format Version 12.00
# Visual Studio Version 17
VisualStudioVersion = 17.3.32929.385
MinimumVisualStudioVersion = 10.0.40219.1
Project("{FAE04EC0-301F-11D3-BF4B-00C04F79EFBC}") = "Pop_Alexandru_Cristian_Lab1", "Pop_Alexandru_Cristian_Lab1.csproj", "{CC37D6C8-66EB-48DD-9A93-248BB9A20E23}"
EndProject
Global
	GlobalSection(SolutionConfigurationPlatforms) = preSolution
		Debug|Any CPU = Debug|Any CPU
		Release|Any CPU = Release|Any CPU
	EndGlobalSection
	GlobalSection(ProjectConfigurationPlatforms) = postSolution
		{CC37D6C8-66EB-48DD-9A93-248BB9A20E23}.Debug|Any CPU.ActiveCfg = Debug|Any CPU
		{CC37D6C8-66EB-48DD-9A93-248BB9A20E23}.Debug|Any CPU.Build.0 = Debug|Any CPU
		{CC37D6C8-66EB-48DD-9A93-248BB9A20E23}.Release|Any CPU.ActiveCfg = Release|Any CPU
		{CC37D6C8-66EB-48DD-9A93-248BB9A20E23}.Release|Any CPU.Build.0 = Release|Any CPU
	EndGlobalSection
	GlobalSection(SolutionProperties) = preSolution
		HideSolutionNode = FALSE
	EndGlobalSection
	GlobalSection(ExtensibilityGlobals) = postSolution
		SolutionGuid = {8E161C00-1D94-4B43-B8BD-E1C38170FE80}
	EndGlobalSection
EndGlobal
